{
  "name": "maskit-extension",
  "version": "2.4.0",
  "lockfileVersion": 3,
  "requires": true,
  "packages": {
    "": {
      "name": "maskit-extension",
      "version": "2.4.0",
      "devDependencies": {
        "playwright": "1.49.1",
        "safe-regex": "^2.1.1"
      }
    },
    "node_modules/fsevents": {
      "version": "2.3.2",
      "resolved": "https://registry.npmjs.org/fsevents/-/fsevents-2.3.2.tgz",
      "integrity": "sha512-xiqMQR4xAeHTuB9uWm+fFRcIOgKBMiOBP+eXiyT7jsgVCq1bkVygt00oASowB7EdtpOHaaPgKt812P9ab+DDKA==",
      "dev": true,
      "hasInstallScript": true,
      "license": "MIT",
      "optional": true,
      "os": [
        "darwin"
      ],
      "engines": {
        "node": "^8.16.0 || ^10.6.0 || >=11.0.0"
      }
    },
    "node_modules/playwright": {
      "version": "1.49.1",
      "resolved": "https://registry.npmjs.org/playwright/-/playwright-1.49.1.tgz",
      "integrity": "sha512-VYL8zLoNTBxVOrJBbDuRgDWa3i+mfQgDTrL8Ah9QXZ7ax4Dsj0MSq5bYgytRnDVVe+njoKnfsYkH3HzqVj5UZA==",
      "dev": true,
      "license": "Apache-2.0",
      "dependencies": {
        "playwright-core": "1.49.1"
      },
      "bin": {
        "playwright": "cli.js"
      },
      "engines": {
        "node": ">=18"
      },
      "optionalDependencies": {
        "fsevents": "2.3.2"
      }
    },
    "node_modules/playwright-core": {
      "version": "1.49.1",
      "resolved": "https://registry.npmjs.org/playwright-core/-/playwright-core-1.49.1.tgz",
      "integrity": "sha512-BzmpVcs4kE2CH15rWfzpjzVGhWERJfmnXmniSyKeRZUs9Ws65m+RGIi7mjJK/euCegfn3i7jvqWeWyHe9y3Vgg==",
      "dev": true,
      "license": "Apache-2.0",
      "bin": {
        "playwright-core": "cli.js"
      },
      "engines": {
        "node": ">=18"
      }
    },
    "node_modules/regexp-tree": {
      "version": "0.1.27",
      "resolved": "https://registry.npmjs.org/regexp-tree/-/regexp-tree-0.1.27.tgz",
      "integrity": "sha512-iETxpjK6YoRWJG5o6hXLwvjYAoW+FEZn9os0PD/b6AP6xQwsa/Y7lCVgIixBbUPMfhu+i2LtdeAqVTgGlQarfA==",
      "dev": true,
      "license": "MIT",
      "bin": {
        "regexp-tree": "bin/regexp-tree"
      }
    },
    "node_modules/safe-regex": {
      "version": "2.1.1",
      "resolved": "https://registry.npmjs.org/safe-regex/-/safe-regex-2.1.1.tgz",
      "integrity": "sha512-rx+x8AMzKb5Q5lQ95Zoi6ZbJqwCLkqi3XuJXp5P3rT8OEc6sZCJG5AE5dU3lsgRr/F4Bs31jSlVN+j5KrsGu9A==",
      "dev": true,
      "license": "MIT",
      "dependencies": {
        "regexp-tree": "~0.1.1"
      }
    }
  }
}
